
Microsoft Visual Studio Solution File, Format Version 12.00
# Visual Studio Version 17
VisualStudioVersion = 17.0.31903.59
MinimumVisualStudioVersion = 10.0.40219.1
Project("{FAE04EC0-301F-11D3-BF4B-00C04F79EFBC}") = "GstEtudiant.API", "..\GstEtudiant.API\GstEtudiant.API.csproj", "{B6AAF845-309C-481A-AE4E-BB6CBF5AA5DB}"
EndProject
Global
	GlobalSection(SolutionConfigurationPlatforms) = preSolution
		Debug|Any CPU = Debug|Any CPU
		Release|Any CPU = Release|Any CPU
	EndGlobalSection
	GlobalSection(SolutionProperties) = preSolution
		HideSolutionNode = FALSE
	EndGlobalSection
	GlobalSection(ProjectConfigurationPlatforms) = postSolution
		{B6AAF845-309C-481A-AE4E-BB6CBF5AA5DB}.Debug|Any CPU.ActiveCfg = Debug|Any CPU
		{B6AAF845-309C-481A-AE4E-BB6CBF5AA5DB}.Debug|Any CPU.Build.0 = Debug|Any CPU
		{B6AAF845-309C-481A-AE4E-BB6CBF5AA5DB}.Release|Any CPU.ActiveCfg = Release|Any CPU
		{B6AAF845-309C-481A-AE4E-BB6CBF5AA5DB}.Release|Any CPU.Build.0 = Release|Any CPU
	EndGlobalSection
EndGlobal
